
Microsoft Visual Studio Solution File, Format Version 12.00
# Visual Studio 15
VisualStudioVersion = 15.0.27130.2010
MinimumVisualStudioVersion = 10.0.40219.1
Project("{FAE04EC0-301F-11D3-BF4B-00C04F79EFBC}") = "AngularDQapp", "AngularDQapp\AngularDQapp.csproj", "{100E16C2-4B23-4B58-A6EC-D3D5F9DA50E7}"
EndProject
Project("{FAE04EC0-301F-11D3-BF4B-00C04F79EFBC}") = "bimdqAPI", "bimdqAPI\bimdqAPI\bimdqAPI.csproj", "{936B2B7B-C423-48BF-BBEC-00FAD957641E}"
EndProject
Global
	GlobalSection(SolutionConfigurationPlatforms) = preSolution
		Debug|Any CPU = Debug|Any CPU
		Release|Any CPU = Release|Any CPU
	EndGlobalSection
	GlobalSection(ProjectConfigurationPlatforms) = postSolution
		{100E16C2-4B23-4B58-A6EC-D3D5F9DA50E7}.Debug|Any CPU.ActiveCfg = Debug|Any CPU
		{100E16C2-4B23-4B58-A6EC-D3D5F9DA50E7}.Debug|Any CPU.Build.0 = Debug|Any CPU
		{100E16C2-4B23-4B58-A6EC-D3D5F9DA50E7}.Release|Any CPU.ActiveCfg = Release|Any CPU
		{100E16C2-4B23-4B58-A6EC-D3D5F9DA50E7}.Release|Any CPU.Build.0 = Release|Any CPU
		{936B2B7B-C423-48BF-BBEC-00FAD957641E}.Debug|Any CPU.ActiveCfg = Debug|Any CPU
		{936B2B7B-C423-48BF-BBEC-00FAD957641E}.Debug|Any CPU.Build.0 = Debug|Any CPU
		{936B2B7B-C423-48BF-BBEC-00FAD957641E}.Release|Any CPU.ActiveCfg = Release|Any CPU
		{936B2B7B-C423-48BF-BBEC-00FAD957641E}.Release|Any CPU.Build.0 = Release|Any CPU
	EndGlobalSection
	GlobalSection(SolutionProperties) = preSolution
		HideSolutionNode = FALSE
	EndGlobalSection
	GlobalSection(ExtensibilityGlobals) = postSolution
		SolutionGuid = {73163E11-FB09-41B2-A9F3-5F54BC7DC1A7}
	EndGlobalSection
EndGlobal
